# This file is automatically @generated by Cargo.
# It is not intended for manual editing.
version = 4

[[package]]
name = "cdll"
version = "0.4.2"
source = "registry+https://github.com/rust-lang/crates.io-index"
checksum = "0b1952b242772c4989bc510d67f16695c81091ee102014011452cda4e0d3fbd4"

[[package]]
name = "decode-pw-1"
version = "0.1.0"
dependencies = [
 "cdll",
]
